
Microsoft Visual Studio Solution File, Format Version 12.00
# Visual Studio Version 17
VisualStudioVersion = 17.14.36408.4
MinimumVisualStudioVersion = 10.0.40219.1
Project("{FAE04EC0-301F-11D3-BF4B-00C04F79EFBC}") = "Decorator", "Decorator\Decorator.csproj", "{DC95A5FB-EF9E-4041-87DF-1E8BCC566B0F}"
EndProject
Project("{FAE04EC0-301F-11D3-BF4B-00C04F79EFBC}") = "Adapter", "Adapter\Adapter.csproj", "{53CB279F-27EF-4582-B2B0-9B398385CCCE}"
EndProject
Project("{FAE04EC0-301F-11D3-BF4B-00C04F79EFBC}") = "GameBase", "GameBase\GameBase.csproj", "{31F1CC3D-B2C2-4880-BF89-1D1035D09C26}"
EndProject
Project("{2150E333-8FDC-42A3-9474-1A3956D46DE8}") = "Structural", "Structural", "{02EA681E-C7D8-13C7-8484-4AC65E1B71E8}"
EndProject
Project("{2150E333-8FDC-42A3-9474-1A3956D46DE8}") = "Behavioral", "Behavioral", "{179D64ED-38D7-442D-9B1C-CE9246021BF7}"
EndProject
Project("{2150E333-8FDC-42A3-9474-1A3956D46DE8}") = "Creational", "Creational", "{5A97FE62-DF18-4844-AD48-50CAC085DD28}"
EndProject
Project("{FAE04EC0-301F-11D3-BF4B-00C04F79EFBC}") = "Composite", "Composite\Composite.csproj", "{75E73C4D-2069-4E0A-98F2-2FE8D135C0E3}"
EndProject
Project("{FAE04EC0-301F-11D3-BF4B-00C04F79EFBC}") = "Iterator", "Iterator\Iterator.csproj", "{A2A310AC-59AF-4849-B603-1F15D3F2EE59}"
EndProject
Project("{FAE04EC0-301F-11D3-BF4B-00C04F79EFBC}") = "Observer", "Observer\Observer.csproj", "{9E40FED0-6A3F-45B9-A537-D0AF0EE63D09}"
EndProject
Project("{FAE04EC0-301F-11D3-BF4B-00C04F79EFBC}") = "Strategy", "Strategy\Strategy.csproj", "{CED32174-4B70-443B-977E-6AB4FC2F84AD}"
EndProject
Project("{FAE04EC0-301F-11D3-BF4B-00C04F79EFBC}") = "Template", "Template\Template.csproj", "{BAA24B0A-5D3A-46C3-B20C-89967A913BC7}"
EndProject
Project("{FAE04EC0-301F-11D3-BF4B-00C04F79EFBC}") = "Command", "Command\Command.csproj", "{ABD4F0C5-677F-47FA-9FE1-3EFF5A7F8FDF}"
EndProject
Project("{FAE04EC0-301F-11D3-BF4B-00C04F79EFBC}") = "State", "State\State.csproj", "{3B851848-1311-4739-AF5E-5CAD5148D4B3}"
EndProject
Project("{FAE04EC0-301F-11D3-BF4B-00C04F79EFBC}") = "Singleton", "Singleton\Singleton.csproj", "{D2DED4F4-54DE-4404-BA84-CD39E201088C}"
EndProject
Project("{FAE04EC0-301F-11D3-BF4B-00C04F79EFBC}") = "Factory", "Factory\Factory.csproj", "{1E2E1A5C-F0A4-4357-BCA0-3EF99EDF28C5}"
EndProject
Project("{FAE04EC0-301F-11D3-BF4B-00C04F79EFBC}") = "AbstractFactory", "AbstractFactory\AbstractFactory.csproj", "{B6E8684E-E510-434B-A279-0297DE0930F7}"
EndProject
Project("{FAE04EC0-301F-11D3-BF4B-00C04F79EFBC}") = "Builder", "Builder\Builder.csproj", "{A7FBE333-07B0-4437-8752-91F39CC265DA}"
EndProject
Project("{FAE04EC0-301F-11D3-BF4B-00C04F79EFBC}") = "Facade", "Facade\Facade.csproj", "{81A18A51-3123-4DFA-8AA8-BFE3CC8501A9}"
EndProject
Project("{FAE04EC0-301F-11D3-BF4B-00C04F79EFBC}") = "Proxy", "Proxy\Proxy.csproj", "{C9D3DCA0-53C5-41E8-AE64-7E7A0A35A4F6}"
EndProject
Global
	GlobalSection(SolutionConfigurationPlatforms) = preSolution
		Debug|Any CPU = Debug|Any CPU
		Release|Any CPU = Release|Any CPU
	EndGlobalSection
	GlobalSection(ProjectConfigurationPlatforms) = postSolution
		{DC95A5FB-EF9E-4041-87DF-1E8BCC566B0F}.Debug|Any CPU.ActiveCfg = Debug|Any CPU
		{DC95A5FB-EF9E-4041-87DF-1E8BCC566B0F}.Debug|Any CPU.Build.0 = Debug|Any CPU
		{DC95A5FB-EF9E-4041-87DF-1E8BCC566B0F}.Release|Any CPU.ActiveCfg = Release|Any CPU
		{DC95A5FB-EF9E-4041-87DF-1E8BCC566B0F}.Release|Any CPU.Build.0 = Release|Any CPU
		{53CB279F-27EF-4582-B2B0-9B398385CCCE}.Debug|Any CPU.ActiveCfg = Debug|Any CPU
		{53CB279F-27EF-4582-B2B0-9B398385CCCE}.Debug|Any CPU.Build.0 = Debug|Any CPU
		{53CB279F-27EF-4582-B2B0-9B398385CCCE}.Release|Any CPU.ActiveCfg = Release|Any CPU
		{53CB279F-27EF-4582-B2B0-9B398385CCCE}.Release|Any CPU.Build.0 = Release|Any CPU
		{31F1CC3D-B2C2-4880-BF89-1D1035D09C26}.Debug|Any CPU.ActiveCfg = Debug|Any CPU
		{31F1CC3D-B2C2-4880-BF89-1D1035D09C26}.Debug|Any CPU.Build.0 = Debug|Any CPU
		{31F1CC3D-B2C2-4880-BF89-1D1035D09C26}.Release|Any CPU.ActiveCfg = Release|Any CPU
		{31F1CC3D-B2C2-4880-BF89-1D1035D09C26}.Release|Any CPU.Build.0 = Release|Any CPU
		{75E73C4D-2069-4E0A-98F2-2FE8D135C0E3}.Debug|Any CPU.ActiveCfg = Debug|Any CPU
		{75E73C4D-2069-4E0A-98F2-2FE8D135C0E3}.Debug|Any CPU.Build.0 = Debug|Any CPU
		{75E73C4D-2069-4E0A-98F2-2FE8D135C0E3}.Release|Any CPU.ActiveCfg = Release|Any CPU
		{75E73C4D-2069-4E0A-98F2-2FE8D135C0E3}.Release|Any CPU.Build.0 = Release|Any CPU
		{A2A310AC-59AF-4849-B603-1F15D3F2EE59}.Debug|Any CPU.ActiveCfg = Debug|Any CPU
		{A2A310AC-59AF-4849-B603-1F15D3F2EE59}.Debug|Any CPU.Build.0 = Debug|Any CPU
		{A2A310AC-59AF-4849-B603-1F15D3F2EE59}.Release|Any CPU.ActiveCfg = Release|Any CPU
		{A2A310AC-59AF-4849-B603-1F15D3F2EE59}.Release|Any CPU.Build.0 = Release|Any CPU
		{9E40FED0-6A3F-45B9-A537-D0AF0EE63D09}.Debug|Any CPU.ActiveCfg = Debug|Any CPU
		{9E40FED0-6A3F-45B9-A537-D0AF0EE63D09}.Debug|Any CPU.Build.0 = Debug|Any CPU
		{9E40FED0-6A3F-45B9-A537-D0AF0EE63D09}.Release|Any CPU.ActiveCfg = Release|Any CPU
		{9E40FED0-6A3F-45B9-A537-D0AF0EE63D09}.Release|Any CPU.Build.0 = Release|Any CPU
		{CED32174-4B70-443B-977E-6AB4FC2F84AD}.Debug|Any CPU.ActiveCfg = Debug|Any CPU
		{CED32174-4B70-443B-977E-6AB4FC2F84AD}.Debug|Any CPU.Build.0 = Debug|Any CPU
		{CED32174-4B70-443B-977E-6AB4FC2F84AD}.Release|Any CPU.ActiveCfg = Release|Any CPU
		{CED32174-4B70-443B-977E-6AB4FC2F84AD}.Release|Any CPU.Build.0 = Release|Any CPU
		{BAA24B0A-5D3A-46C3-B20C-89967A913BC7}.Debug|Any CPU.ActiveCfg = Debug|Any CPU
		{BAA24B0A-5D3A-46C3-B20C-89967A913BC7}.Debug|Any CPU.Build.0 = Debug|Any CPU
		{BAA24B0A-5D3A-46C3-B20C-89967A913BC7}.Release|Any CPU.ActiveCfg = Release|Any CPU
		{BAA24B0A-5D3A-46C3-B20C-89967A913BC7}.Release|Any CPU.Build.0 = Release|Any CPU
		{ABD4F0C5-677F-47FA-9FE1-3EFF5A7F8FDF}.Debug|Any CPU.ActiveCfg = Debug|Any CPU
		{ABD4F0C5-677F-47FA-9FE1-3EFF5A7F8FDF}.Debug|Any CPU.Build.0 = Debug|Any CPU
		{ABD4F0C5-677F-47FA-9FE1-3EFF5A7F8FDF}.Release|Any CPU.ActiveCfg = Release|Any CPU
		{ABD4F0C5-677F-47FA-9FE1-3EFF5A7F8FDF}.Release|Any CPU.Build.0 = Release|Any CPU
		{3B851848-1311-4739-AF5E-5CAD5148D4B3}.Debug|Any CPU.ActiveCfg = Debug|Any CPU
		{3B851848-1311-4739-AF5E-5CAD5148D4B3}.Debug|Any CPU.Build.0 = Debug|Any CPU
		{3B851848-1311-4739-AF5E-5CAD5148D4B3}.Release|Any CPU.ActiveCfg = Release|Any CPU
		{3B851848-1311-4739-AF5E-5CAD5148D4B3}.Release|Any CPU.Build.0 = Release|Any CPU
		{D2DED4F4-54DE-4404-BA84-CD39E201088C}.Debug|Any CPU.ActiveCfg = Debug|Any CPU
		{D2DED4F4-54DE-4404-BA84-CD39E201088C}.Debug|Any CPU.Build.0 = Debug|Any CPU
		{D2DED4F4-54DE-4404-BA84-CD39E201088C}.Release|Any CPU.ActiveCfg = Release|Any CPU
		{D2DED4F4-54DE-4404-BA84-CD39E201088C}.Release|Any CPU.Build.0 = Release|Any CPU
		{1E2E1A5C-F0A4-4357-BCA0-3EF99EDF28C5}.Debug|Any CPU.ActiveCfg = Debug|Any CPU
		{1E2E1A5C-F0A4-4357-BCA0-3EF99EDF28C5}.Debug|Any CPU.Build.0 = Debug|Any CPU
		{1E2E1A5C-F0A4-4357-BCA0-3EF99EDF28C5}.Release|Any CPU.ActiveCfg = Release|Any CPU
		{1E2E1A5C-F0A4-4357-BCA0-3EF99EDF28C5}.Release|Any CPU.Build.0 = Release|Any CPU
		{B6E8684E-E510-434B-A279-0297DE0930F7}.Debug|Any CPU.ActiveCfg = Debug|Any CPU
		{B6E8684E-E510-434B-A279-0297DE0930F7}.Debug|Any CPU.Build.0 = Debug|Any CPU
		{B6E8684E-E510-434B-A279-0297DE0930F7}.Release|Any CPU.ActiveCfg = Release|Any CPU
		{B6E8684E-E510-434B-A279-0297DE0930F7}.Release|Any CPU.Build.0 = Release|Any CPU
		{A7FBE333-07B0-4437-8752-91F39CC265DA}.Debug|Any CPU.ActiveCfg = Debug|Any CPU
		{A7FBE333-07B0-4437-8752-91F39CC265DA}.Debug|Any CPU.Build.0 = Debug|Any CPU
		{A7FBE333-07B0-4437-8752-91F39CC265DA}.Release|Any CPU.ActiveCfg = Release|Any CPU
		{A7FBE333-07B0-4437-8752-91F39CC265DA}.Release|Any CPU.Build.0 = Release|Any CPU
		{81A18A51-3123-4DFA-8AA8-BFE3CC8501A9}.Debug|Any CPU.ActiveCfg = Debug|Any CPU
		{81A18A51-3123-4DFA-8AA8-BFE3CC8501A9}.Debug|Any CPU.Build.0 = Debug|Any CPU
		{81A18A51-3123-4DFA-8AA8-BFE3CC8501A9}.Release|Any CPU.ActiveCfg = Release|Any CPU
		{81A18A51-3123-4DFA-8AA8-BFE3CC8501A9}.Release|Any CPU.Build.0 = Release|Any CPU
		{C9D3DCA0-53C5-41E8-AE64-7E7A0A35A4F6}.Debug|Any CPU.ActiveCfg = Debug|Any CPU
		{C9D3DCA0-53C5-41E8-AE64-7E7A0A35A4F6}.Debug|Any CPU.Build.0 = Debug|Any CPU
		{C9D3DCA0-53C5-41E8-AE64-7E7A0A35A4F6}.Release|Any CPU.ActiveCfg = Release|Any CPU
		{C9D3DCA0-53C5-41E8-AE64-7E7A0A35A4F6}.Release|Any CPU.Build.0 = Release|Any CPU
	EndGlobalSection
	GlobalSection(SolutionProperties) = preSolution
		HideSolutionNode = FALSE
	EndGlobalSection
	GlobalSection(NestedProjects) = preSolution
		{DC95A5FB-EF9E-4041-87DF-1E8BCC566B0F} = {02EA681E-C7D8-13C7-8484-4AC65E1B71E8}
		{53CB279F-27EF-4582-B2B0-9B398385CCCE} = {02EA681E-C7D8-13C7-8484-4AC65E1B71E8}
		{75E73C4D-2069-4E0A-98F2-2FE8D135C0E3} = {02EA681E-C7D8-13C7-8484-4AC65E1B71E8}
		{A2A310AC-59AF-4849-B603-1F15D3F2EE59} = {179D64ED-38D7-442D-9B1C-CE9246021BF7}
		{9E40FED0-6A3F-45B9-A537-D0AF0EE63D09} = {179D64ED-38D7-442D-9B1C-CE9246021BF7}
		{CED32174-4B70-443B-977E-6AB4FC2F84AD} = {179D64ED-38D7-442D-9B1C-CE9246021BF7}
		{BAA24B0A-5D3A-46C3-B20C-89967A913BC7} = {179D64ED-38D7-442D-9B1C-CE9246021BF7}
		{ABD4F0C5-677F-47FA-9FE1-3EFF5A7F8FDF} = {179D64ED-38D7-442D-9B1C-CE9246021BF7}
		{3B851848-1311-4739-AF5E-5CAD5148D4B3} = {179D64ED-38D7-442D-9B1C-CE9246021BF7}
		{D2DED4F4-54DE-4404-BA84-CD39E201088C} = {5A97FE62-DF18-4844-AD48-50CAC085DD28}
		{1E2E1A5C-F0A4-4357-BCA0-3EF99EDF28C5} = {5A97FE62-DF18-4844-AD48-50CAC085DD28}
		{B6E8684E-E510-434B-A279-0297DE0930F7} = {5A97FE62-DF18-4844-AD48-50CAC085DD28}
		{A7FBE333-07B0-4437-8752-91F39CC265DA} = {5A97FE62-DF18-4844-AD48-50CAC085DD28}
		{81A18A51-3123-4DFA-8AA8-BFE3CC8501A9} = {02EA681E-C7D8-13C7-8484-4AC65E1B71E8}
		{C9D3DCA0-53C5-41E8-AE64-7E7A0A35A4F6} = {02EA681E-C7D8-13C7-8484-4AC65E1B71E8}
	EndGlobalSection
	GlobalSection(ExtensibilityGlobals) = postSolution
		SolutionGuid = {BC52BCF7-FE9D-480C-982B-ABB8FEA23A2E}
	EndGlobalSection
EndGlobal
